PODS:
  - AFNetworking (1.0RC1)
  - EGOTableViewPullRefresh (0.1.0)
  - MBProgressHUD (0.5)
  - Reachability (3.0.0)
  - SDWebImage (2.6)
  - SFHFKeychainUtils (0.0.1)
  - iRate (1.5.2)

DEPENDENCIES:
  - AFNetworking (= 1.0RC1)
  - EGOTableViewPullRefresh (= 0.1.0)
  - MBProgressHUD (= 0.5)
  - Reachability (= 3.0.0)
  - SDWebImage (= 2.6)
  - SFHFKeychainUtils (= 0.0.1)
  - iRate (= 1.5.2)
