PODS:
  - AFNetworking (1.0RC1)
  - CocoaAsyncSocket (0.0.1)
  - CocoaHTTPServer (2.2.1):
    - CocoaAsyncSocket (~> 0.0.1)
    - CocoaLumberjack (~> 1.3.0)
  - CocoaLumberjack (1.3.3)
  - EGOTableViewPullRefresh (0.1.0)
  - MBProgressHUD (0.5)
  - Reachability (3.0.0)
  - SDWebImage (2.6)
  - SFHFKeychainUtils (0.0.1)
  - ZBarSDK (1.2.2)
  - iRate (1.5.2)

DEPENDENCIES:
  - AFNetworking (= 1.0RC1)
  - CocoaHTTPServer (= 2.2.1)
  - EGOTableViewPullRefresh (= 0.1.0)
  - MBProgressHUD (= 0.5)
  - Reachability (= 3.0.0)
  - SDWebImage (= 2.6)
  - SFHFKeychainUtils (= 0.0.1)
  - ZBarSDK (= 1.2.2)
  - iRate (= 1.5.2)
