PODS:
  - AFNetworking (1.0RC1)
  - BlockAlertsAnd-ActionSheets (1.0.0)
  - FormatterKit (1.0.1):
    - FormatterKit/ArrayFormatter (= 1.0.1)
    - FormatterKit/LocationFormatter (= 1.0.1)
    - FormatterKit/OrdinalNumberFormatter (= 1.0.1)
    - FormatterKit/TimeIntervalFormatter (= 1.0.1)
    - FormatterKit/URLRequestFormatter (= 1.0.1)
    - FormatterKit/UnitOfInformationFormatter (= 1.0.1)
  - FormatterKit/ArrayFormatter (1.0.1)
  - FormatterKit/LocationFormatter (1.0.1)
  - FormatterKit/OrdinalNumberFormatter (1.0.1)
  - FormatterKit/TimeIntervalFormatter (1.0.1)
  - FormatterKit/URLRequestFormatter (1.0.1)
  - FormatterKit/UnitOfInformationFormatter (1.0.1)
  - MBProgressHUD (0.5)
  - Reachability (3.0.0)
  - SDWebImage (2.6)
  - SFHFKeychainUtils (0.0.1)

DEPENDENCIES:
  - AFNetworking (= 1.0RC1)
  - BlockAlertsAnd-ActionSheets (= 1.0.0)
  - FormatterKit (= 1.0.1)
  - MBProgressHUD (= 0.5)
  - Reachability (= 3.0.0)
  - SDWebImage (= 2.6)
  - SFHFKeychainUtils (= 0.0.1)
