PODS:
  - AFNetworking (1.0RC1)
  - EGOTableViewPullRefresh (0.1.0)
  - FormatterKit (1.0.1):
    - FormatterKit/ArrayFormatter (= 1.0.1)
    - FormatterKit/LocationFormatter (= 1.0.1)
    - FormatterKit/OrdinalNumberFormatter (= 1.0.1)
    - FormatterKit/TimeIntervalFormatter (= 1.0.1)
    - FormatterKit/URLRequestFormatter (= 1.0.1)
    - FormatterKit/UnitOfInformationFormatter (= 1.0.1)
  - FormatterKit/ArrayFormatter (1.0.1)
  - FormatterKit/LocationFormatter (1.0.1)
  - FormatterKit/OrdinalNumberFormatter (1.0.1)
  - FormatterKit/TimeIntervalFormatter (1.0.1)
  - FormatterKit/URLRequestFormatter (1.0.1)
  - FormatterKit/UnitOfInformationFormatter (1.0.1)
  - SDWebImage (2.6)
  - UIGlossyButton (0.0.7):
    - UIGlossyButton/Core (= 0.0.7)
    - UIGlossyButton/LayerEffects (= 0.0.7)
  - UIGlossyButton/Core (0.0.7)
  - UIGlossyButton/LayerEffects (0.0.7)

DEPENDENCIES:
  - AFNetworking (= 1.0RC1)
  - EGOTableViewPullRefresh (= 0.1.0)
  - FormatterKit
  - SDWebImage (= 2.6)
  - UIGlossyButton (= 0.0.7)
