// !$*UTF8*$!
{
	archiveVersion = 1;
	classes = {
	};
	objectVersion = 46;
	objects = {

/* Begin PBXBuildFile section */
		EB02B843160094E30027F31C /* CustomSegmentedControl.m in Sources */ = {isa = PBXBuildFile; fileRef = EB02B842160094E30027F31C /* CustomSegmentedControl.m */; };
		EB090B0116081E9E002F7E57 /* IntroductionView.m in Sources */ = {isa = PBXBuildFile; fileRef = EB090B0016081E9E002F7E57 /* IntroductionView.m */; };
		EB32BCC715F885EC00C878D5 /* UIKit.framework in Frameworks */ = {isa = PBXBuildFile; fileRef = EB32BCC615F885EC00C878D5 /* UIKit.framework */; };
		EB32BCC915F885EC00C878D5 /* Foundation.framework in Frameworks */ = {isa = PBXBuildFile; fileRef = EB32BCC815F885EC00C878D5 /* Foundation.framework */; };
		EB32BCCB15F885EC00C878D5 /* CoreGraphics.framework in Frameworks */ = {isa = PBXBuildFile; fileRef = EB32BCCA15F885EC00C878D5 /* CoreGraphics.framework */; };
		EB32BCD115F885EC00C878D5 /* InfoPlist.strings in Resources */ = {isa = PBXBuildFile; fileRef = EB32BCCF15F885EC00C878D5 /* InfoPlist.strings */; };
		EB32BCD315F885EC00C878D5 /* main.m in Sources */ = {isa = PBXBuildFile; fileRef = EB32BCD215F885EC00C878D5 /* main.m */; };
		EB32BCD715F885EC00C878D5 /* AppDelegate.m in Sources */ = {isa = PBXBuildFile; fileRef = EB32BCD615F885EC00C878D5 /* AppDelegate.m */; };
		EB32BD0315F8873B00C878D5 /* LoadingMoreFooterView.m in Sources */ = {isa = PBXBuildFile; fileRef = EB32BCFC15F8873B00C878D5 /* LoadingMoreFooterView.m */; };
		EB32BD0415F8873B00C878D5 /* WaterflowView.m in Sources */ = {isa = PBXBuildFile; fileRef = EB32BCFE15F8873B00C878D5 /* WaterflowView.m */; };
		EB32BD3815F888BD00C878D5 /* QuartzCore.framework in Frameworks */ = {isa = PBXBuildFile; fileRef = EB32BD3715F888BD00C878D5 /* QuartzCore.framework */; };
		EB32BD3F15F8948400C878D5 /* Localizable.strings in Resources */ = {isa = PBXBuildFile; fileRef = EB32BD3D15F8948400C878D5 /* Localizable.strings */; };
		EB3F0A4E1601C4F7005D97F8 /* segcontrol_sel-uns@2x.png in Resources */ = {isa = PBXBuildFile; fileRef = EB3F0A491601C4F7005D97F8 /* segcontrol_sel-uns@2x.png */; };
		EB3F0A4F1601C4F7005D97F8 /* segcontrol_sel@2x.png in Resources */ = {isa = PBXBuildFile; fileRef = EB3F0A4A1601C4F7005D97F8 /* segcontrol_sel@2x.png */; };
		EB3F0A501601C4F7005D97F8 /* segcontrol_uns-sel@2x.png in Resources */ = {isa = PBXBuildFile; fileRef = EB3F0A4B1601C4F7005D97F8 /* segcontrol_uns-sel@2x.png */; };
		EB3F0A511601C4F7005D97F8 /* segcontrol_uns-uns@2x.png in Resources */ = {isa = PBXBuildFile; fileRef = EB3F0A4C1601C4F7005D97F8 /* segcontrol_uns-uns@2x.png */; };
		EB3F0A521601C4F7005D97F8 /* segcontrol_uns@2x.png in Resources */ = {isa = PBXBuildFile; fileRef = EB3F0A4D1601C4F7005D97F8 /* segcontrol_uns@2x.png */; };
		EB3F0A6B1601D0F8005D97F8 /* list_tab@2x.png in Resources */ = {isa = PBXBuildFile; fileRef = EB3F0A661601D0F7005D97F8 /* list_tab@2x.png */; };
		EB3F0A6C1601D0F8005D97F8 /* my_tab@2x.png in Resources */ = {isa = PBXBuildFile; fileRef = EB3F0A671601D0F7005D97F8 /* my_tab@2x.png */; };
		EB3F0A6D1601D0F8005D97F8 /* pop_tab@2x.png in Resources */ = {isa = PBXBuildFile; fileRef = EB3F0A681601D0F7005D97F8 /* pop_tab@2x.png */; };
		EB3F0A6E1601D0F8005D97F8 /* rec_tab@2x.png in Resources */ = {isa = PBXBuildFile; fileRef = EB3F0A691601D0F7005D97F8 /* rec_tab@2x.png */; };
		EB3F0A6F1601D0F8005D97F8 /* tab_selected_bg@2x.png in Resources */ = {isa = PBXBuildFile; fileRef = EB3F0A6A1601D0F7005D97F8 /* tab_selected_bg@2x.png */; };
		EBAED32615FED3D100192AE4 /* PlayViewController.m in Sources */ = {isa = PBXBuildFile; fileRef = EBAED32415FED3D100192AE4 /* PlayViewController.m */; };
		EBAED32715FED3D100192AE4 /* PlayViewController.xib in Resources */ = {isa = PBXBuildFile; fileRef = EBAED32515FED3D100192AE4 /* PlayViewController.xib */; };
		EBAED32F15FED75700192AE4 /* PlayCell.m in Sources */ = {isa = PBXBuildFile; fileRef = EBAED32E15FED75700192AE4 /* PlayCell.m */; };
		EBAED33615FEDF1900192AE4 /* CommentCell.m in Sources */ = {isa = PBXBuildFile; fileRef = EBAED33515FEDF1900192AE4 /* CommentCell.m */; };
		EBAED35815FF07D000192AE4 /* JWFolders.m in Sources */ = {isa = PBXBuildFile; fileRef = EBAED35315FF07D000192AE4 /* JWFolders.m */; };
		EBAED35915FF07D000192AE4 /* UIScreen+Scale.m in Sources */ = {isa = PBXBuildFile; fileRef = EBAED35515FF07D000192AE4 /* UIScreen+Scale.m */; };
		EBAED35A15FF07D000192AE4 /* UIView+Screenshot.m in Sources */ = {isa = PBXBuildFile; fileRef = EBAED35715FF07D000192AE4 /* UIView+Screenshot.m */; };
		EBAED39615FF2D4800192AE4 /* RegisterViewController.m in Sources */ = {isa = PBXBuildFile; fileRef = EBAED39415FF2D4800192AE4 /* RegisterViewController.m */; };
		EBAED39715FF2D4800192AE4 /* RegisterViewController.xib in Resources */ = {isa = PBXBuildFile; fileRef = EBAED39515FF2D4800192AE4 /* RegisterViewController.xib */; };
		EBAED39B15FF3D2700192AE4 /* FriendProfileViewController.m in Sources */ = {isa = PBXBuildFile; fileRef = EBAED39915FF3D2700192AE4 /* FriendProfileViewController.m */; };
		EBAED39C15FF3D2700192AE4 /* FriendProfileViewController.xib in Resources */ = {isa = PBXBuildFile; fileRef = EBAED39A15FF3D2700192AE4 /* FriendProfileViewController.xib */; };
		EBAF698815FD896D00938FE3 /* FriendTabViewController.m in Sources */ = {isa = PBXBuildFile; fileRef = EBAF698715FD896D00938FE3 /* FriendTabViewController.m */; };
		EBAF698E15FD8D9600938FE3 /* RecommandMovieViewController.m in Sources */ = {isa = PBXBuildFile; fileRef = EBAF698C15FD8D9600938FE3 /* RecommandMovieViewController.m */; };
		EBAF69D315FDB78D00938FE3 /* MNMBottomPullToRefreshArrow.png in Resources */ = {isa = PBXBuildFile; fileRef = EBAF69CC15FDB78D00938FE3 /* MNMBottomPullToRefreshArrow.png */; };
		EBAF69D415FDB78D00938FE3 /* MNMBottomPullToRefreshArrow@2x.png in Resources */ = {isa = PBXBuildFile; fileRef = EBAF69CD15FDB78D00938FE3 /* MNMBottomPullToRefreshArrow@2x.png */; };
		EBAF69D515FDB78D00938FE3 /* MNMBottomPullToRefreshManager.m in Sources */ = {isa = PBXBuildFile; fileRef = EBAF69CF15FDB78D00938FE3 /* MNMBottomPullToRefreshManager.m */; };
		EBAF69D615FDB78D00938FE3 /* MNMBottomPullToRefreshView.m in Sources */ = {isa = PBXBuildFile; fileRef = EBAF69D115FDB78D00938FE3 /* MNMBottomPullToRefreshView.m */; };
		EBAF69DA15FDB80A00938FE3 /* FriendNewsViewController.m in Sources */ = {isa = PBXBuildFile; fileRef = EBAF69D815FDB80900938FE3 /* FriendNewsViewController.m */; };
		EBAF69DB15FDB80A00938FE3 /* FriendNewsViewController.xib in Resources */ = {isa = PBXBuildFile; fileRef = EBAF69D915FDB80A00938FE3 /* FriendNewsViewController.xib */; };
		EBAF69E115FDC22800938FE3 /* ListTabViewController.m in Sources */ = {isa = PBXBuildFile; fileRef = EBAF69DE15FDC22800938FE3 /* ListTabViewController.m */; };
		EBAF69E215FDC22800938FE3 /* WatchedViewController.m in Sources */ = {isa = PBXBuildFile; fileRef = EBAF69E015FDC22800938FE3 /* WatchedViewController.m */; };
		EBAF69E715FDC4A700938FE3 /* MyselfViewController.m in Sources */ = {isa = PBXBuildFile; fileRef = EBAF69E515FDC4A700938FE3 /* MyselfViewController.m */; };
		EBAF69E815FDC4A700938FE3 /* MyselfViewController.xib in Resources */ = {isa = PBXBuildFile; fileRef = EBAF69E615FDC4A700938FE3 /* MyselfViewController.xib */; };
		EBAF69EB15FDC97900938FE3 /* u0_normal.png in Resources */ = {isa = PBXBuildFile; fileRef = EBAF69E915FDC97900938FE3 /* u0_normal.png */; };
		EBAF69EC15FDC97900938FE3 /* u9_normal.png in Resources */ = {isa = PBXBuildFile; fileRef = EBAF69EA15FDC97900938FE3 /* u9_normal.png */; };
		EBAF69F015FDCAA100938FE3 /* MyProfileWithImageCell.m in Sources */ = {isa = PBXBuildFile; fileRef = EBAF69EF15FDCAA100938FE3 /* MyProfileWithImageCell.m */; };
		EBAF6A4215FDDBB400938FE3 /* SearchFilmViewController.m in Sources */ = {isa = PBXBuildFile; fileRef = EBAF6A4015FDDBB300938FE3 /* SearchFilmViewController.m */; };
		EBAF6A4315FDDBB400938FE3 /* SearchFilmViewController.xib in Resources */ = {isa = PBXBuildFile; fileRef = EBAF6A4115FDDBB400938FE3 /* SearchFilmViewController.xib */; };
		EBAF6A4D15FDDFA300938FE3 /* CustomSearchBar.m in Sources */ = {isa = PBXBuildFile; fileRef = EBAF6A4C15FDDFA300938FE3 /* CustomSearchBar.m */; };
		EBAF6AAA15FDE9CF00938FE3 /* SearchFilmResultViewController.m in Sources */ = {isa = PBXBuildFile; fileRef = EBAF6AA815FDE9CF00938FE3 /* SearchFilmResultViewController.m */; };
		EBAF6AAB15FDE9CF00938FE3 /* SearchFilmResultViewController.xib in Resources */ = {isa = PBXBuildFile; fileRef = EBAF6AA915FDE9CF00938FE3 /* SearchFilmResultViewController.xib */; };
		EBAF6AAE15FDEA2900938FE3 /* PopularCellFactory.xib in Resources */ = {isa = PBXBuildFile; fileRef = EBAF6AAD15FDEA2900938FE3 /* PopularCellFactory.xib */; };
		EBAF6AB115FDEB1C00938FE3 /* SearchFilmCell.m in Sources */ = {isa = PBXBuildFile; fileRef = EBAF6AB015FDEB1C00938FE3 /* SearchFilmCell.m */; };
		EBAF6AB715FDF27300938FE3 /* SearchVideoCell.m in Sources */ = {isa = PBXBuildFile; fileRef = EBAF6AB615FDF27300938FE3 /* SearchVideoCell.m */; };
		EBAF939E1602C89600929013 /* BottomTabViewController.m in Sources */ = {isa = PBXBuildFile; fileRef = EBAF939C1602C89600929013 /* BottomTabViewController.m */; };
		EBAFBC0915F9BB58007579D1 /* chat.png in Resources */ = {isa = PBXBuildFile; fileRef = EBAFBBF515F9BB58007579D1 /* chat.png */; };
		EBAFBC0A15F9BB58007579D1 /* chat@2x.png in Resources */ = {isa = PBXBuildFile; fileRef = EBAFBBF615F9BB58007579D1 /* chat@2x.png */; };
		EBAFBC0B15F9BB58007579D1 /* compose-at.png in Resources */ = {isa = PBXBuildFile; fileRef = EBAFBBF715F9BB58007579D1 /* compose-at.png */; };
		EBAFBC0C15F9BB58007579D1 /* compose-at@2x.png in Resources */ = {isa = PBXBuildFile; fileRef = EBAFBBF815F9BB58007579D1 /* compose-at@2x.png */; };
		EBAFBC0D15F9BB58007579D1 /* magnifying-glass.png in Resources */ = {isa = PBXBuildFile; fileRef = EBAFBBF915F9BB58007579D1 /* magnifying-glass.png */; };
		EBAFBC0E15F9BB58007579D1 /* magnifying-glass@2x.png in Resources */ = {isa = PBXBuildFile; fileRef = EBAFBBFA15F9BB58007579D1 /* magnifying-glass@2x.png */; };
		EBAFBC0F15F9BB58007579D1 /* messages.png in Resources */ = {isa = PBXBuildFile; fileRef = EBAFBBFB15F9BB58007579D1 /* messages.png */; };
		EBAFBC1015F9BB58007579D1 /* messages@2x.png in Resources */ = {isa = PBXBuildFile; fileRef = EBAFBBFC15F9BB58007579D1 /* messages@2x.png */; };
		EBAFBC1115F9BB58007579D1 /* more.png in Resources */ = {isa = PBXBuildFile; fileRef = EBAFBBFD15F9BB58007579D1 /* more.png */; };
		EBAFBC1215F9BB58007579D1 /* more@2x.png in Resources */ = {isa = PBXBuildFile; fileRef = EBAFBBFE15F9BB58007579D1 /* more@2x.png */; };
		EBAFBC1315F9BB58007579D1 /* TabBarGlow.png in Resources */ = {isa = PBXBuildFile; fileRef = EBAFBBFF15F9BB58007579D1 /* TabBarGlow.png */; };
		EBAFBC1415F9BB58007579D1 /* TabBarGlow@2x.png in Resources */ = {isa = PBXBuildFile; fileRef = EBAFBC0015F9BB58007579D1 /* TabBarGlow@2x.png */; };
		EBAFBC1515F9BB58007579D1 /* TabBarGradient.png in Resources */ = {isa = PBXBuildFile; fileRef = EBAFBC0115F9BB58007579D1 /* TabBarGradient.png */; };
		EBAFBC1615F9BB58007579D1 /* TabBarGradient@2x.png in Resources */ = {isa = PBXBuildFile; fileRef = EBAFBC0215F9BB58007579D1 /* TabBarGradient@2x.png */; };
		EBAFBC1715F9BB58007579D1 /* TabBarItemSelectedBackground.png in Resources */ = {isa = PBXBuildFile; fileRef = EBAFBC0315F9BB58007579D1 /* TabBarItemSelectedBackground.png */; };
		EBAFBC1815F9BB58007579D1 /* TabBarItemSelectedBackground@2x.png in Resources */ = {isa = PBXBuildFile; fileRef = EBAFBC0415F9BB58007579D1 /* TabBarItemSelectedBackground@2x.png */; };
		EBAFBC1915F9BB59007579D1 /* TabBarNipple.png in Resources */ = {isa = PBXBuildFile; fileRef = EBAFBC0515F9BB58007579D1 /* TabBarNipple.png */; };
		EBAFBC1A15F9BB59007579D1 /* TabBarNipple@2x.png in Resources */ = {isa = PBXBuildFile; fileRef = EBAFBC0615F9BB58007579D1 /* TabBarNipple@2x.png */; };
		EBAFBC1B15F9BB59007579D1 /* TabBarSelection.png in Resources */ = {isa = PBXBuildFile; fileRef = EBAFBC0715F9BB58007579D1 /* TabBarSelection.png */; };
		EBAFBC1C15F9BB59007579D1 /* TabBarSelection@2x.png in Resources */ = {isa = PBXBuildFile; fileRef = EBAFBC0815F9BB58007579D1 /* TabBarSelection@2x.png */; };
		EBAFBC3415F9DDC0007579D1 /* CMConstants.m in Sources */ = {isa = PBXBuildFile; fileRef = EBAFBC3315F9DDC0007579D1 /* CMConstants.m */; };
		EBAFBC3D15F9E507007579D1 /* LoginViewController.m in Sources */ = {isa = PBXBuildFile; fileRef = EBAFBC3B15F9E506007579D1 /* LoginViewController.m */; };
		EBAFBC3E15F9E507007579D1 /* LoginViewController.xib in Resources */ = {isa = PBXBuildFile; fileRef = EBAFBC3C15F9E506007579D1 /* LoginViewController.xib */; };
		EBAFBC4515F9E849007579D1 /* AnimationFactory.m in Sources */ = {isa = PBXBuildFile; fileRef = EBAFBC4415F9E849007579D1 /* AnimationFactory.m */; };
		EBB06FA916080DA900AAA818 /* DateUtility.m in Sources */ = {isa = PBXBuildFile; fileRef = EBB06FA616080DA900AAA818 /* DateUtility.m */; };
		EBB06FAA16080DA900AAA818 /* StringUtility.m in Sources */ = {isa = PBXBuildFile; fileRef = EBB06FA816080DA900AAA818 /* StringUtility.m */; };
		EBB0C9121600422F00A9B8F8 /* PlayRootViewController.m in Sources */ = {isa = PBXBuildFile; fileRef = EBB0C9111600422F00A9B8F8 /* PlayRootViewController.m */; };
		EBB0C955160073BC00A9B8F8 /* PopularSegmentViewController.m in Sources */ = {isa = PBXBuildFile; fileRef = EBB0C953160073BB00A9B8F8 /* PopularSegmentViewController.m */; };
		EBB0C956160073BC00A9B8F8 /* PopularSegmentViewController.xib in Resources */ = {isa = PBXBuildFile; fileRef = EBB0C954160073BB00A9B8F8 /* PopularSegmentViewController.xib */; };
		EBB1B3C91601749500E04289 /* nav_bar_bg_44@2x.png in Resources */ = {isa = PBXBuildFile; fileRef = EBB1B3C81601749500E04289 /* nav_bar_bg_44@2x.png */; };
		EBB1B3CC1601770D00E04289 /* tool_bar_bg@2X.png in Resources */ = {isa = PBXBuildFile; fileRef = EBB1B3CB1601770D00E04289 /* tool_bar_bg@2X.png */; };
		EBB1B3D11601777900E04289 /* UIUtility.m in Sources */ = {isa = PBXBuildFile; fileRef = EBB1B3D01601777900E04289 /* UIUtility.m */; };
		EBB1B3DD16017FBD00E04289 /* log_btn_active@2x.png in Resources */ = {isa = PBXBuildFile; fileRef = EBB1B3D916017FBD00E04289 /* log_btn_active@2x.png */; };
		EBB1B3DE16017FBD00E04289 /* log_btn_normal@2x.png in Resources */ = {isa = PBXBuildFile; fileRef = EBB1B3DA16017FBD00E04289 /* log_btn_normal@2x.png */; };
		EBB1B3DF16017FBD00E04289 /* reg_btn_active@2x.png in Resources */ = {isa = PBXBuildFile; fileRef = EBB1B3DB16017FBD00E04289 /* reg_btn_active@2x.png */; };
		EBB1B3E016017FBD00E04289 /* reg_btn_normal@2x.png in Resources */ = {isa = PBXBuildFile; fileRef = EBB1B3DC16017FBD00E04289 /* reg_btn_normal@2x.png */; };
		EBB1B3E31601836600E04289 /* BaseViewController.m in Sources */ = {isa = PBXBuildFile; fileRef = EBB1B3E21601836600E04289 /* BaseViewController.m */; };
		EBB1B3E61601876B00E04289 /* DramaViewController.m in Sources */ = {isa = PBXBuildFile; fileRef = EBB1B3E51601876B00E04289 /* DramaViewController.m */; };
		EBB1B3EC160188D400E04289 /* LocalViewController.m in Sources */ = {isa = PBXBuildFile; fileRef = EBB1B3E8160188D400E04289 /* LocalViewController.m */; };
		EBB1B3ED160188D400E04289 /* MovieViewController.m in Sources */ = {isa = PBXBuildFile; fileRef = EBB1B3E9160188D400E04289 /* MovieViewController.m */; };
		EBB1B3EE160188D400E04289 /* VideoViewController.m in Sources */ = {isa = PBXBuildFile; fileRef = EBB1B3EB160188D400E04289 /* VideoViewController.m */; };
		EBB1B3F1160190A000E04289 /* CollectionViewController.m in Sources */ = {isa = PBXBuildFile; fileRef = EBB1B3F0160190A000E04289 /* CollectionViewController.m */; };
		EBB1B3F5160190C600E04289 /* TestView.m in Sources */ = {isa = PBXBuildFile; fileRef = EBB1B3F4160190C600E04289 /* TestView.m */; };
		EBB40F1B160707FB00A49CD9 /* CustomBackButton.m in Sources */ = {isa = PBXBuildFile; fileRef = EBB40F1A160707FB00A49CD9 /* CustomBackButton.m */; };
		EBB40F2016070AA700A49CD9 /* navigationBarBackButton.png in Resources */ = {isa = PBXBuildFile; fileRef = EBB40F1D16070AA700A49CD9 /* navigationBarBackButton.png */; };
		EBB40F2116070AA700A49CD9 /* navigationBarBackButton@2x.png in Resources */ = {isa = PBXBuildFile; fileRef = EBB40F1E16070AA700A49CD9 /* navigationBarBackButton@2x.png */; };
		EBB40F471607102200A49CD9 /* CustomBackButtonHolder.m in Sources */ = {isa = PBXBuildFile; fileRef = EBB40F461607102100A49CD9 /* CustomBackButtonHolder.m */; };
		F08E79464D5B418D93D509A6 /* libPods.a in Frameworks */ = {isa = PBXBuildFile; fileRef = DDF63B43DF6849BC89060EC7 /* libPods.a */; };
/* End PBXBuildFile section */

/* Begin PBXFileReference section */
		B94A1800965845D3B4A40881 /* Pods.xcconfig */ = {isa = PBXFileReference; includeInIndex = 1; lastKnownFileType = text.xcconfig; name = Pods.xcconfig; path = Pods/Pods.xcconfig; sourceTree = SOURCE_ROOT; };
		DDF63B43DF6849BC89060EC7 /* libPods.a */ = {isa = PBXFileReference; explicitFileType = archive.ar; includeInIndex = 0; path = libPods.a; sourceTree = BUILT_PRODUCTS_DIR; };
		EB02B841160094E30027F31C /* CustomSegmentedControl.h */ = {isa = PBXFileReference; fileEncoding = 4; lastKnownFileType = sourcecode.c.h; path = CustomSegmentedControl.h; sourceTree = "<group>"; };
		EB02B842160094E30027F31C /* CustomSegmentedControl.m */ = {isa = PBXFileReference; fileEncoding = 4; lastKnownFileType = sourcecode.c.objc; path = CustomSegmentedControl.m; sourceTree = "<group>"; };
		EB090AFF16081E9D002F7E57 /* IntroductionView.h */ = {isa = PBXFileReference; fileEncoding = 4; lastKnownFileType = sourcecode.c.h; path = IntroductionView.h; sourceTree = "<group>"; };
		EB090B0016081E9E002F7E57 /* IntroductionView.m */ = {isa = PBXFileReference; fileEncoding = 4; lastKnownFileType = sourcecode.c.objc; path = IntroductionView.m; sourceTree = "<group>"; };
		EB32BCC215F885EC00C878D5 /* ijoyplus.app */ = {isa = PBXFileReference; explicitFileType = wrapper.application; includeInIndex = 0; path = ijoyplus.app; sourceTree = BUILT_PRODUCTS_DIR; };
		EB32BCC615F885EC00C878D5 /* UIKit.framework */ = {isa = PBXFileReference; includeInIndex = 1; lastKnownFileType = wrapper.framework; name = UIKit.framework; path = System/Library/Frameworks/UIKit.framework; sourceTree = SDKROOT; };
		EB32BCC815F885EC00C878D5 /* Foundation.framework */ = {isa = PBXFileReference; includeInIndex = 1; lastKnownFileType = wrapper.framework; name = Foundation.framework; path = System/Library/Frameworks/Foundation.framework; sourceTree = SDKROOT; };
		EB32BCCA15F885EC00C878D5 /* CoreGraphics.framework */ = {isa = PBXFileReference; includeInIndex = 1; lastKnownFileType = wrapper.framework; name = CoreGraphics.framework; path = System/Library/Frameworks/CoreGraphics.framework; sourceTree = SDKROOT; };
		EB32BCCE15F885EC00C878D5 /* ijoyplus-Info.plist */ = {isa = PBXFileReference; lastKnownFileType = text.plist.xml; path = "ijoyplus-Info.plist"; sourceTree = "<group>"; };
		EB32BCD015F885EC00C878D5 /* en */ = {isa = PBXFileReference; lastKnownFileType = text.plist.strings; name = en; path = en.lproj/InfoPlist.strings; sourceTree = "<group>"; };
		EB32BCD215F885EC00C878D5 /* main.m */ = {isa = PBXFileReference; lastKnownFileType = sourcecode.c.objc; path = main.m; sourceTree = "<group>"; };
		EB32BCD415F885EC00C878D5 /* ijoyplus-Prefix.pch */ = {isa = PBXFileReference; lastKnownFileType = sourcecode.c.h; path = "ijoyplus-Prefix.pch"; sourceTree = "<group>"; };
		EB32BCD515F885EC00C878D5 /* AppDelegate.h */ = {isa = PBXFileReference; lastKnownFileType = sourcecode.c.h; path = AppDelegate.h; sourceTree = "<group>"; };
		EB32BCD615F885EC00C878D5 /* AppDelegate.m */ = {isa = PBXFileReference; lastKnownFileType = sourcecode.c.objc; path = AppDelegate.m; sourceTree = "<group>"; };
		EB32BCFB15F8873B00C878D5 /* LoadingMoreFooterView.h */ = {isa = PBXFileReference; fileEncoding = 4; lastKnownFileType = sourcecode.c.h; path = LoadingMoreFooterView.h; sourceTree = "<group>"; };
		EB32BCFC15F8873B00C878D5 /* LoadingMoreFooterView.m */ = {isa = PBXFileReference; fileEncoding = 4; lastKnownFileType = sourcecode.c.objc; path = LoadingMoreFooterView.m; sourceTree = "<group>"; };
		EB32BCFD15F8873B00C878D5 /* WaterflowView.h */ = {isa = PBXFileReference; fileEncoding = 4; lastKnownFileType = sourcecode.c.h; path = WaterflowView.h; sourceTree = "<group>"; };
		EB32BCFE15F8873B00C878D5 /* WaterflowView.m */ = {isa = PBXFileReference; fileEncoding = 4; lastKnownFileType = sourcecode.c.objc; path = WaterflowView.m; sourceTree = "<group>"; };
		EB32BD3715F888BD00C878D5 /* QuartzCore.framework */ = {isa = PBXFileReference; lastKnownFileType = wrapper.framework; name = QuartzCore.framework; path = System/Library/Frameworks/QuartzCore.framework; sourceTree = SDKROOT; };
		EB32BD3E15F8948400C878D5 /* en */ = {isa = PBXFileReference; lastKnownFileType = text.plist.strings; name = en; path = en.lproj/Localizable.strings; sourceTree = "<group>"; };
		EB3F0A491601C4F7005D97F8 /* segcontrol_sel-uns@2x.png */ = {isa = PBXFileReference; lastKnownFileType = image.png; path = "segcontrol_sel-uns@2x.png"; sourceTree = "<group>"; };
		EB3F0A4A1601C4F7005D97F8 /* segcontrol_sel@2x.png */ = {isa = PBXFileReference; lastKnownFileType = image.png; path = "segcontrol_sel@2x.png"; sourceTree = "<group>"; };
		EB3F0A4B1601C4F7005D97F8 /* segcontrol_uns-sel@2x.png */ = {isa = PBXFileReference; lastKnownFileType = image.png; path = "segcontrol_uns-sel@2x.png"; sourceTree = "<group>"; };
		EB3F0A4C1601C4F7005D97F8 /* segcontrol_uns-uns@2x.png */ = {isa = PBXFileReference; lastKnownFileType = image.png; path = "segcontrol_uns-uns@2x.png"; sourceTree = "<group>"; };
		EB3F0A4D1601C4F7005D97F8 /* segcontrol_uns@2x.png */ = {isa = PBXFileReference; lastKnownFileType = image.png; path = "segcontrol_uns@2x.png"; sourceTree = "<group>"; };
		EB3F0A661601D0F7005D97F8 /* list_tab@2x.png */ = {isa = PBXFileReference; lastKnownFileType = image.png; path = "list_tab@2x.png"; sourceTree = "<group>"; };
		EB3F0A671601D0F7005D97F8 /* my_tab@2x.png */ = {isa = PBXFileReference; lastKnownFileType = image.png; path = "my_tab@2x.png"; sourceTree = "<group>"; };
		EB3F0A681601D0F7005D97F8 /* pop_tab@2x.png */ = {isa = PBXFileReference; lastKnownFileType = image.png; path = "pop_tab@2x.png"; sourceTree = "<group>"; };
		EB3F0A691601D0F7005D97F8 /* rec_tab@2x.png */ = {isa = PBXFileReference; lastKnownFileType = image.png; path = "rec_tab@2x.png"; sourceTree = "<group>"; };
		EB3F0A6A1601D0F7005D97F8 /* tab_selected_bg@2x.png */ = {isa = PBXFileReference; lastKnownFileType = image.png; path = "tab_selected_bg@2x.png"; sourceTree = "<group>"; };
		EBAED32315FED3D100192AE4 /* PlayViewController.h */ = {isa = PBXFileReference; fileEncoding = 4; lastKnownFileType = sourcecode.c.h; path = PlayViewController.h; sourceTree = "<group>"; };
		EBAED32415FED3D100192AE4 /* PlayViewController.m */ = {isa = PBXFileReference; fileEncoding = 4; lastKnownFileType = sourcecode.c.objc; path = PlayViewController.m; sourceTree = "<group>"; };
		EBAED32515FED3D100192AE4 /* PlayViewController.xib */ = {isa = PBXFileReference; fileEncoding = 4; lastKnownFileType = file.xib; path = PlayViewController.xib; sourceTree = "<group>"; };
		EBAED32D15FED75700192AE4 /* PlayCell.h */ = {isa = PBXFileReference; fileEncoding = 4; lastKnownFileType = sourcecode.c.h; name = PlayCell.h; path = component/PlayCell.h; sourceTree = "<group>"; };
		EBAED32E15FED75700192AE4 /* PlayCell.m */ = {isa = PBXFileReference; fileEncoding = 4; lastKnownFileType = sourcecode.c.objc; name = PlayCell.m; path = component/PlayCell.m; sourceTree = "<group>"; };
		EBAED33415FEDF1900192AE4 /* CommentCell.h */ = {isa = PBXFileReference; fileEncoding = 4; lastKnownFileType = sourcecode.c.h; name = CommentCell.h; path = component/CommentCell.h; sourceTree = "<group>"; };
		EBAED33515FEDF1900192AE4 /* CommentCell.m */ = {isa = PBXFileReference; fileEncoding = 4; lastKnownFileType = sourcecode.c.objc; name = CommentCell.m; path = component/CommentCell.m; sourceTree = "<group>"; };
		EBAED35215FF07D000192AE4 /* JWFolders.h */ = {isa = PBXFileReference; fileEncoding = 4; lastKnownFileType = sourcecode.c.h; path = JWFolders.h; sourceTree = "<group>"; };
		EBAED35315FF07D000192AE4 /* JWFolders.m */ = {isa = PBXFileReference; fileEncoding = 4; lastKnownFileType = sourcecode.c.objc; path = JWFolders.m; sourceTree = "<group>"; };
		EBAED35415FF07D000192AE4 /* UIScreen+Scale.h */ = {isa = PBXFileReference; fileEncoding = 4; lastKnownFileType = sourcecode.c.h; path = "UIScreen+Scale.h"; sourceTree = "<group>"; };
		EBAED35515FF07D000192AE4 /* UIScreen+Scale.m */ = {isa = PBXFileReference; fileEncoding = 4; lastKnownFileType = sourcecode.c.objc; path = "UIScreen+Scale.m"; sourceTree = "<group>"; };
		EBAED35615FF07D000192AE4 /* UIView+Screenshot.h */ = {isa = PBXFileReference; fileEncoding = 4; lastKnownFileType = sourcecode.c.h; path = "UIView+Screenshot.h"; sourceTree = "<group>"; };
		EBAED35715FF07D000192AE4 /* UIView+Screenshot.m */ = {isa = PBXFileReference; fileEncoding = 4; lastKnownFileType = sourcecode.c.objc; path = "UIView+Screenshot.m"; sourceTree = "<group>"; };
		EBAED39315FF2D4800192AE4 /* RegisterViewController.h */ = {isa = PBXFileReference; fileEncoding = 4; lastKnownFileType = sourcecode.c.h; path = RegisterViewController.h; sourceTree = "<group>"; };
		EBAED39415FF2D4800192AE4 /* RegisterViewController.m */ = {isa = PBXFileReference; fileEncoding = 4; lastKnownFileType = sourcecode.c.objc; path = RegisterViewController.m; sourceTree = "<group>"; };
		EBAED39515FF2D4800192AE4 /* RegisterViewController.xib */ = {isa = PBXFileReference; fileEncoding = 4; lastKnownFileType = file.xib; path = RegisterViewController.xib; sourceTree = "<group>"; };
		EBAED39815FF3D2600192AE4 /* FriendProfileViewController.h */ = {isa = PBXFileReference; fileEncoding = 4; lastKnownFileType = sourcecode.c.h; path = FriendProfileViewController.h; sourceTree = "<group>"; };
		EBAED39915FF3D2700192AE4 /* FriendProfileViewController.m */ = {isa = PBXFileReference; fileEncoding = 4; lastKnownFileType = sourcecode.c.objc; path = FriendProfileViewController.m; sourceTree = "<group>"; };
		EBAED39A15FF3D2700192AE4 /* FriendProfileViewController.xib */ = {isa = PBXFileReference; fileEncoding = 4; lastKnownFileType = file.xib; path = FriendProfileViewController.xib; sourceTree = "<group>"; };
		EBAF698615FD896D00938FE3 /* FriendTabViewController.h */ = {isa = PBXFileReference; fileEncoding = 4; lastKnownFileType = sourcecode.c.h; path = FriendTabViewController.h; sourceTree = "<group>"; };
		EBAF698715FD896D00938FE3 /* FriendTabViewController.m */ = {isa = PBXFileReference; fileEncoding = 4; lastKnownFileType = sourcecode.c.objc; path = FriendTabViewController.m; sourceTree = "<group>"; };
		EBAF698915FD8D8200938FE3 /* RecommandMovieViewController.h */ = {isa = PBXFileReference; fileEncoding = 4; lastKnownFileType = sourcecode.c.h; path = RecommandMovieViewController.h; sourceTree = "<group>"; };
		EBAF698C15FD8D9600938FE3 /* RecommandMovieViewController.m */ = {isa = PBXFileReference; fileEncoding = 4; lastKnownFileType = sourcecode.c.objc; path = RecommandMovieViewController.m; sourceTree = "<group>"; };
		EBAF69CC15FDB78D00938FE3 /* MNMBottomPullToRefreshArrow.png */ = {isa = PBXFileReference; lastKnownFileType = image.png; path = MNMBottomPullToRefreshArrow.png; sourceTree = "<group>"; };
		EBAF69CD15FDB78D00938FE3 /* MNMBottomPullToRefreshArrow@2x.png */ = {isa = PBXFileReference; lastKnownFileType = image.png; path = "MNMBottomPullToRefreshArrow@2x.png"; sourceTree = "<group>"; };
		EBAF69CE15FDB78D00938FE3 /* MNMBottomPullToRefreshManager.h */ = {isa = PBXFileReference; fileEncoding = 4; lastKnownFileType = sourcecode.c.h; path = MNMBottomPullToRefreshManager.h; sourceTree = "<group>"; };
		EBAF69CF15FDB78D00938FE3 /* MNMBottomPullToRefreshManager.m */ = {isa = PBXFileReference; fileEncoding = 4; lastKnownFileType = sourcecode.c.objc; path = MNMBottomPullToRefreshManager.m; sourceTree = "<group>"; };
		EBAF69D015FDB78D00938FE3 /* MNMBottomPullToRefreshView.h */ = {isa = PBXFileReference; fileEncoding = 4; lastKnownFileType = sourcecode.c.h; path = MNMBottomPullToRefreshView.h; sourceTree = "<group>"; };
		EBAF69D115FDB78D00938FE3 /* MNMBottomPullToRefreshView.m */ = {isa = PBXFileReference; fileEncoding = 4; lastKnownFileType = sourcecode.c.objc; path = MNMBottomPullToRefreshView.m; sourceTree = "<group>"; };
		EBAF69D715FDB80900938FE3 /* FriendNewsViewController.h */ = {isa = PBXFileReference; fileEncoding = 4; lastKnownFileType = sourcecode.c.h; path = FriendNewsViewController.h; sourceTree = "<group>"; };
		EBAF69D815FDB80900938FE3 /* FriendNewsViewController.m */ = {isa = PBXFileReference; fileEncoding = 4; lastKnownFileType = sourcecode.c.objc; path = FriendNewsViewController.m; sourceTree = "<group>"; };
		EBAF69D915FDB80A00938FE3 /* FriendNewsViewController.xib */ = {isa = PBXFileReference; fileEncoding = 4; lastKnownFileType = file.xib; path = FriendNewsViewController.xib; sourceTree = "<group>"; };
		EBAF69DD15FDC22800938FE3 /* ListTabViewController.h */ = {isa = PBXFileReference; fileEncoding = 4; lastKnownFileType = sourcecode.c.h; path = ListTabViewController.h; sourceTree = "<group>"; };
		EBAF69DE15FDC22800938FE3 /* ListTabViewController.m */ = {isa = PBXFileReference; fileEncoding = 4; lastKnownFileType = sourcecode.c.objc; path = ListTabViewController.m; sourceTree = "<group>"; };
		EBAF69DF15FDC22800938FE3 /* WatchedViewController.h */ = {isa = PBXFileReference; fileEncoding = 4; lastKnownFileType = sourcecode.c.h; path = WatchedViewController.h; sourceTree = "<group>"; };
		EBAF69E015FDC22800938FE3 /* WatchedViewController.m */ = {isa = PBXFileReference; fileEncoding = 4; lastKnownFileType = sourcecode.c.objc; path = WatchedViewController.m; sourceTree = "<group>"; };
		EBAF69E415FDC4A700938FE3 /* MyselfViewController.h */ = {isa = PBXFileReference; fileEncoding = 4; lastKnownFileType = sourcecode.c.h; path = MyselfViewController.h; sourceTree = "<group>"; };
		EBAF69E515FDC4A700938FE3 /* MyselfViewController.m */ = {isa = PBXFileReference; fileEncoding = 4; lastKnownFileType = sourcecode.c.objc; path = MyselfViewController.m; sourceTree = "<group>"; };
		EBAF69E615FDC4A700938FE3 /* MyselfViewController.xib */ = {isa = PBXFileReference; fileEncoding = 4; lastKnownFileType = file.xib; path = MyselfViewController.xib; sourceTree = "<group>"; };
		EBAF69E915FDC97900938FE3 /* u0_normal.png */ = {isa = PBXFileReference; lastKnownFileType = image.png; path = u0_normal.png; sourceTree = "<group>"; };
		EBAF69EA15FDC97900938FE3 /* u9_normal.png */ = {isa = PBXFileReference; lastKnownFileType = image.png; path = u9_normal.png; sourceTree = "<group>"; };
		EBAF69EE15FDCAA100938FE3 /* MyProfileWithImageCell.h */ = {isa = PBXFileReference; fileEncoding = 4; lastKnownFileType = sourcecode.c.h; name = MyProfileWithImageCell.h; path = component/MyProfileWithImageCell.h; sourceTree = "<group>"; };
		EBAF69EF15FDCAA100938FE3 /* MyProfileWithImageCell.m */ = {isa = PBXFileReference; fileEncoding = 4; lastKnownFileType = sourcecode.c.objc; name = MyProfileWithImageCell.m; path = component/MyProfileWithImageCell.m; sourceTree = "<group>"; };
		EBAF6A3F15FDDBB300938FE3 /* SearchFilmViewController.h */ = {isa = PBXFileReference; fileEncoding = 4; lastKnownFileType = sourcecode.c.h; path = SearchFilmViewController.h; sourceTree = "<group>"; };
		EBAF6A4015FDDBB300938FE3 /* SearchFilmViewController.m */ = {isa = PBXFileReference; fileEncoding = 4; lastKnownFileType = sourcecode.c.objc; path = SearchFilmViewController.m; sourceTree = "<group>"; };
		EBAF6A4115FDDBB400938FE3 /* SearchFilmViewController.xib */ = {isa = PBXFileReference; fileEncoding = 4; lastKnownFileType = file.xib; path = SearchFilmViewController.xib; sourceTree = "<group>"; };
		EBAF6A4B15FDDFA300938FE3 /* CustomSearchBar.h */ = {isa = PBXFileReference; fileEncoding = 4; lastKnownFileType = sourcecode.c.h; path = CustomSearchBar.h; sourceTree = "<group>"; };
		EBAF6A4C15FDDFA300938FE3 /* CustomSearchBar.m */ = {isa = PBXFileReference; fileEncoding = 4; lastKnownFileType = sourcecode.c.objc; path = CustomSearchBar.m; sourceTree = "<group>"; };
		EBAF6AA715FDE9CE00938FE3 /* SearchFilmResultViewController.h */ = {isa = PBXFileReference; fileEncoding = 4; lastKnownFileType = sourcecode.c.h; path = SearchFilmResultViewController.h; sourceTree = "<group>"; };
		EBAF6AA815FDE9CF00938FE3 /* SearchFilmResultViewController.m */ = {isa = PBXFileReference; fileEncoding = 4; lastKnownFileType = sourcecode.c.objc; path = SearchFilmResultViewController.m; sourceTree = "<group>"; };
		EBAF6AA915FDE9CF00938FE3 /* SearchFilmResultViewController.xib */ = {isa = PBXFileReference; fileEncoding = 4; lastKnownFileType = file.xib; path = SearchFilmResultViewController.xib; sourceTree = "<group>"; };
		EBAF6AAD15FDEA2900938FE3 /* PopularCellFactory.xib */ = {isa = PBXFileReference; fileEncoding = 4; lastKnownFileType = file.xib; path = PopularCellFactory.xib; sourceTree = "<group>"; };
		EBAF6AAF15FDEB1C00938FE3 /* SearchFilmCell.h */ = {isa = PBXFileReference; fileEncoding = 4; lastKnownFileType = sourcecode.c.h; name = SearchFilmCell.h; path = component/SearchFilmCell.h; sourceTree = "<group>"; };
		EBAF6AB015FDEB1C00938FE3 /* SearchFilmCell.m */ = {isa = PBXFileReference; fileEncoding = 4; lastKnownFileType = sourcecode.c.objc; name = SearchFilmCell.m; path = component/SearchFilmCell.m; sourceTree = "<group>"; };
		EBAF6AB515FDF27300938FE3 /* SearchVideoCell.h */ = {isa = PBXFileReference; fileEncoding = 4; lastKnownFileType = sourcecode.c.h; name = SearchVideoCell.h; path = component/SearchVideoCell.h; sourceTree = "<group>"; };
		EBAF6AB615FDF27300938FE3 /* SearchVideoCell.m */ = {isa = PBXFileReference; fileEncoding = 4; lastKnownFileType = sourcecode.c.objc; name = SearchVideoCell.m; path = component/SearchVideoCell.m; sourceTree = "<group>"; };
		EBAF939B1602C89600929013 /* BottomTabViewController.h */ = {isa = PBXFileReference; fileEncoding = 4; lastKnownFileType = sourcecode.c.h; path = BottomTabViewController.h; sourceTree = "<group>"; };
		EBAF939C1602C89600929013 /* BottomTabViewController.m */ = {isa = PBXFileReference; fileEncoding = 4; lastKnownFileType = sourcecode.c.objc; path = BottomTabViewController.m; sourceTree = "<group>"; };
		EBAFBBF515F9BB58007579D1 /* chat.png */ = {isa = PBXFileReference; lastKnownFileType = image.png; path = chat.png; sourceTree = "<group>"; };
		EBAFBBF615F9BB58007579D1 /* chat@2x.png */ = {isa = PBXFileReference; lastKnownFileType = image.png; path = "chat@2x.png"; sourceTree = "<group>"; };
		EBAFBBF715F9BB58007579D1 /* compose-at.png */ = {isa = PBXFileReference; lastKnownFileType = image.png; path = "compose-at.png"; sourceTree = "<group>"; };
		EBAFBBF815F9BB58007579D1 /* compose-at@2x.png */ = {isa = PBXFileReference; lastKnownFileType = image.png; path = "compose-at@2x.png"; sourceTree = "<group>"; };
		EBAFBBF915F9BB58007579D1 /* magnifying-glass.png */ = {isa = PBXFileReference; lastKnownFileType = image.png; path = "magnifying-glass.png"; sourceTree = "<group>"; };
		EBAFBBFA15F9BB58007579D1 /* magnifying-glass@2x.png */ = {isa = PBXFileReference; lastKnownFileType = image.png; path = "magnifying-glass@2x.png"; sourceTree = "<group>"; };
		EBAFBBFB15F9BB58007579D1 /* messages.png */ = {isa = PBXFileReference; lastKnownFileType = image.png; path = messages.png; sourceTree = "<group>"; };
		EBAFBBFC15F9BB58007579D1 /* messages@2x.png */ = {isa = PBXFileReference; lastKnownFileType = image.png; path = "messages@2x.png"; sourceTree = "<group>"; };
		EBAFBBFD15F9BB58007579D1 /* more.png */ = {isa = PBXFileReference; lastKnownFileType = image.png; path = more.png; sourceTree = "<group>"; };
		EBAFBBFE15F9BB58007579D1 /* more@2x.png */ = {isa = PBXFileReference; lastKnownFileType = image.png; path = "more@2x.png"; sourceTree = "<group>"; };
		EBAFBBFF15F9BB58007579D1 /* TabBarGlow.png */ = {isa = PBXFileReference; lastKnownFileType = image.png; path = TabBarGlow.png; sourceTree = "<group>"; };
		EBAFBC0015F9BB58007579D1 /* TabBarGlow@2x.png */ = {isa = PBXFileReference; lastKnownFileType = image.png; path = "TabBarGlow@2x.png"; sourceTree = "<group>"; };
		EBAFBC0115F9BB58007579D1 /* TabBarGradient.png */ = {isa = PBXFileReference; lastKnownFileType = image.png; path = TabBarGradient.png; sourceTree = "<group>"; };
		EBAFBC0215F9BB58007579D1 /* TabBarGradient@2x.png */ = {isa = PBXFileReference; lastKnownFileType = image.png; path = "TabBarGradient@2x.png"; sourceTree = "<group>"; };
		EBAFBC0315F9BB58007579D1 /* TabBarItemSelectedBackground.png */ = {isa = PBXFileReference; lastKnownFileType = image.png; path = TabBarItemSelectedBackground.png; sourceTree = "<group>"; };
		EBAFBC0415F9BB58007579D1 /* TabBarItemSelectedBackground@2x.png */ = {isa = PBXFileReference; lastKnownFileType = image.png; path = "TabBarItemSelectedBackground@2x.png"; sourceTree = "<group>"; };
		EBAFBC0515F9BB58007579D1 /* TabBarNipple.png */ = {isa = PBXFileReference; lastKnownFileType = image.png; path = TabBarNipple.png; sourceTree = "<group>"; };
		EBAFBC0615F9BB58007579D1 /* TabBarNipple@2x.png */ = {isa = PBXFileReference; lastKnownFileType = image.png; path = "TabBarNipple@2x.png"; sourceTree = "<group>"; };
		EBAFBC0715F9BB58007579D1 /* TabBarSelection.png */ = {isa = PBXFileReference; lastKnownFileType = image.png; path = TabBarSelection.png; sourceTree = "<group>"; };
		EBAFBC0815F9BB58007579D1 /* TabBarSelection@2x.png */ = {isa = PBXFileReference; lastKnownFileType = image.png; path = "TabBarSelection@2x.png"; sourceTree = "<group>"; };
		EBAFBC1D15F9BFFF007579D1 /* MovieViewController.h */ = {isa = PBXFileReference; fileEncoding = 4; lastKnownFileType = sourcecode.c.h; path = MovieViewController.h; sourceTree = "<group>"; };
		EBAFBC3215F9DDC0007579D1 /* CMConstants.h */ = {isa = PBXFileReference; fileEncoding = 4; lastKnownFileType = sourcecode.c.h; path = CMConstants.h; sourceTree = "<group>"; };
		EBAFBC3315F9DDC0007579D1 /* CMConstants.m */ = {isa = PBXFileReference; fileEncoding = 4; lastKnownFileType = sourcecode.c.objc; path = CMConstants.m; sourceTree = "<group>"; };
		EBAFBC3A15F9E506007579D1 /* LoginViewController.h */ = {isa = PBXFileReference; fileEncoding = 4; lastKnownFileType = sourcecode.c.h; path = LoginViewController.h; sourceTree = "<group>"; };
		EBAFBC3B15F9E506007579D1 /* LoginViewController.m */ = {isa = PBXFileReference; fileEncoding = 4; lastKnownFileType = sourcecode.c.objc; path = LoginViewController.m; sourceTree = "<group>"; };
		EBAFBC3C15F9E506007579D1 /* LoginViewController.xib */ = {isa = PBXFileReference; fileEncoding = 4; lastKnownFileType = file.xib; path = LoginViewController.xib; sourceTree = "<group>"; };
		EBAFBC4315F9E849007579D1 /* AnimationFactory.h */ = {isa = PBXFileReference; fileEncoding = 4; lastKnownFileType = sourcecode.c.h; path = AnimationFactory.h; sourceTree = "<group>"; };
		EBAFBC4415F9E849007579D1 /* AnimationFactory.m */ = {isa = PBXFileReference; fileEncoding = 4; lastKnownFileType = sourcecode.c.objc; path = AnimationFactory.m; sourceTree = "<group>"; };
		EBB06FA516080DA900AAA818 /* DateUtility.h */ = {isa = PBXFileReference; fileEncoding = 4; lastKnownFileType = sourcecode.c.h; path = DateUtility.h; sourceTree = "<group>"; };
		EBB06FA616080DA900AAA818 /* DateUtility.m */ = {isa = PBXFileReference; fileEncoding = 4; lastKnownFileType = sourcecode.c.objc; path = DateUtility.m; sourceTree = "<group>"; };
		EBB06FA716080DA900AAA818 /* StringUtility.h */ = {isa = PBXFileReference; fileEncoding = 4; lastKnownFileType = sourcecode.c.h; path = StringUtility.h; sourceTree = "<group>"; };
		EBB06FA816080DA900AAA818 /* StringUtility.m */ = {isa = PBXFileReference; fileEncoding = 4; lastKnownFileType = sourcecode.c.objc; path = StringUtility.m; sourceTree = "<group>"; };
		EBB0C9101600422F00A9B8F8 /* PlayRootViewController.h */ = {isa = PBXFileReference; fileEncoding = 4; lastKnownFileType = sourcecode.c.h; path = PlayRootViewController.h; sourceTree = "<group>"; };
		EBB0C9111600422F00A9B8F8 /* PlayRootViewController.m */ = {isa = PBXFileReference; fileEncoding = 4; lastKnownFileType = sourcecode.c.objc; path = PlayRootViewController.m; sourceTree = "<group>"; };
		EBB0C952160073BA00A9B8F8 /* PopularSegmentViewController.h */ = {isa = PBXFileReference; fileEncoding = 4; lastKnownFileType = sourcecode.c.h; path = PopularSegmentViewController.h; sourceTree = "<group>"; };
		EBB0C953160073BB00A9B8F8 /* PopularSegmentViewController.m */ = {isa = PBXFileReference; fileEncoding = 4; lastKnownFileType = sourcecode.c.objc; path = PopularSegmentViewController.m; sourceTree = "<group>"; };
		EBB0C954160073BB00A9B8F8 /* PopularSegmentViewController.xib */ = {isa = PBXFileReference; fileEncoding = 4; lastKnownFileType = file.xib; path = PopularSegmentViewController.xib; sourceTree = "<group>"; };
		EBB1B3C81601749500E04289 /* nav_bar_bg_44@2x.png */ = {isa = PBXFileReference; lastKnownFileType = image.png; path = "nav_bar_bg_44@2x.png"; sourceTree = "<group>"; };
		EBB1B3CB1601770D00E04289 /* tool_bar_bg@2X.png */ = {isa = PBXFileReference; lastKnownFileType = image.png; path = "tool_bar_bg@2X.png"; sourceTree = "<group>"; };
		EBB1B3CF1601777900E04289 /* UIUtility.h */ = {isa = PBXFileReference; fileEncoding = 4; lastKnownFileType = sourcecode.c.h; path = UIUtility.h; sourceTree = "<group>"; };
		EBB1B3D01601777900E04289 /* UIUtility.m */ = {isa = PBXFileReference; fileEncoding = 4; lastKnownFileType = sourcecode.c.objc; path = UIUtility.m; sourceTree = "<group>"; };
		EBB1B3D916017FBD00E04289 /* log_btn_active@2x.png */ = {isa = PBXFileReference; lastKnownFileType = image.png; path = "log_btn_active@2x.png"; sourceTree = "<group>"; };
		EBB1B3DA16017FBD00E04289 /* log_btn_normal@2x.png */ = {isa = PBXFileReference; lastKnownFileType = image.png; path = "log_btn_normal@2x.png"; sourceTree = "<group>"; };
		EBB1B3DB16017FBD00E04289 /* reg_btn_active@2x.png */ = {isa = PBXFileReference; lastKnownFileType = image.png; path = "reg_btn_active@2x.png"; sourceTree = "<group>"; };
		EBB1B3DC16017FBD00E04289 /* reg_btn_normal@2x.png */ = {isa = PBXFileReference; lastKnownFileType = image.png; path = "reg_btn_normal@2x.png"; sourceTree = "<group>"; };
		EBB1B3E11601836600E04289 /* BaseViewController.h */ = {isa = PBXFileReference; fileEncoding = 4; lastKnownFileType = sourcecode.c.h; path = BaseViewController.h; sourceTree = "<group>"; };
		EBB1B3E21601836600E04289 /* BaseViewController.m */ = {isa = PBXFileReference; fileEncoding = 4; lastKnownFileType = sourcecode.c.objc; path = BaseViewController.m; sourceTree = "<group>"; };
		EBB1B3E41601876A00E04289 /* DramaViewController.h */ = {isa = PBXFileReference; fileEncoding = 4; lastKnownFileType = sourcecode.c.h; path = DramaViewController.h; sourceTree = "<group>"; };
		EBB1B3E51601876B00E04289 /* DramaViewController.m */ = {isa = PBXFileReference; fileEncoding = 4; lastKnownFileType = sourcecode.c.objc; path = DramaViewController.m; sourceTree = "<group>"; };
		EBB1B3E7160188D400E04289 /* LocalViewController.h */ = {isa = PBXFileReference; fileEncoding = 4; lastKnownFileType = sourcecode.c.h; path = LocalViewController.h; sourceTree = "<group>"; };
		EBB1B3E8160188D400E04289 /* LocalViewController.m */ = {isa = PBXFileReference; fileEncoding = 4; lastKnownFileType = sourcecode.c.objc; path = LocalViewController.m; sourceTree = "<group>"; };
		EBB1B3E9160188D400E04289 /* MovieViewController.m */ = {isa = PBXFileReference; fileEncoding = 4; lastKnownFileType = sourcecode.c.objc; path = MovieViewController.m; sourceTree = "<group>"; };
		EBB1B3EA160188D400E04289 /* VideoViewController.h */ = {isa = PBXFileReference; fileEncoding = 4; lastKnownFileType = sourcecode.c.h; path = VideoViewController.h; sourceTree = "<group>"; };
		EBB1B3EB160188D400E04289 /* VideoViewController.m */ = {isa = PBXFileReference; fileEncoding = 4; lastKnownFileType = sourcecode.c.objc; path = VideoViewController.m; sourceTree = "<group>"; };
		EBB1B3EF160190A000E04289 /* CollectionViewController.h */ = {isa = PBXFileReference; fileEncoding = 4; lastKnownFileType = sourcecode.c.h; path = CollectionViewController.h; sourceTree = "<group>"; };
		EBB1B3F0160190A000E04289 /* CollectionViewController.m */ = {isa = PBXFileReference; fileEncoding = 4; lastKnownFileType = sourcecode.c.objc; path = CollectionViewController.m; sourceTree = "<group>"; };
		EBB1B3F3160190C600E04289 /* TestView.h */ = {isa = PBXFileReference; fileEncoding = 4; lastKnownFileType = sourcecode.c.h; name = TestView.h; path = component/TestView.h; sourceTree = "<group>"; };
		EBB1B3F4160190C600E04289 /* TestView.m */ = {isa = PBXFileReference; fileEncoding = 4; lastKnownFileType = sourcecode.c.objc; name = TestView.m; path = component/TestView.m; sourceTree = "<group>"; };
		EBB40F19160707FB00A49CD9 /* CustomBackButton.h */ = {isa = PBXFileReference; fileEncoding = 4; lastKnownFileType = sourcecode.c.h; path = CustomBackButton.h; sourceTree = "<group>"; };
		EBB40F1A160707FB00A49CD9 /* CustomBackButton.m */ = {isa = PBXFileReference; fileEncoding = 4; lastKnownFileType = sourcecode.c.objc; path = CustomBackButton.m; sourceTree = "<group>"; };
		EBB40F1D16070AA700A49CD9 /* navigationBarBackButton.png */ = {isa = PBXFileReference; lastKnownFileType = image.png; path = navigationBarBackButton.png; sourceTree = "<group>"; };
		EBB40F1E16070AA700A49CD9 /* navigationBarBackButton@2x.png */ = {isa = PBXFileReference; lastKnownFileType = image.png; path = "navigationBarBackButton@2x.png"; sourceTree = "<group>"; };
		EBB40F451607102100A49CD9 /* CustomBackButtonHolder.h */ = {isa = PBXFileReference; fileEncoding = 4; lastKnownFileType = sourcecode.c.h; path = CustomBackButtonHolder.h; sourceTree = "<group>"; };
		EBB40F461607102100A49CD9 /* CustomBackButtonHolder.m */ = {isa = PBXFileReference; fileEncoding = 4; lastKnownFileType = sourcecode.c.objc; path = CustomBackButtonHolder.m; sourceTree = "<group>"; };
/* End PBXFileReference section */

/* Begin PBXFrameworksBuildPhase section */
		EB32BCBF15F885EC00C878D5 /* Frameworks */ = {
			isa = PBXFrameworksBuildPhase;
			buildActionMask = 2147483647;
			files = (
				EB32BD3815F888BD00C878D5 /* QuartzCore.framework in Frameworks */,
				EB32BCC715F885EC00C878D5 /* UIKit.framework in Frameworks */,
				EB32BCC915F885EC00C878D5 /* Foundation.framework in Frameworks */,
				EB32BCCB15F885EC00C878D5 /* CoreGraphics.framework in Frameworks */,
				F08E79464D5B418D93D509A6 /* libPods.a in Frameworks */,
			);
			runOnlyForDeploymentPostprocessing = 0;
		};
/* End PBXFrameworksBuildPhase section */

/* Begin PBXGroup section */
		EB32BCB715F885EC00C878D5 = {
			isa = PBXGroup;
			children = (
				EB32BCCC15F885EC00C878D5 /* ijoyplus */,
				EB32BD0515F887A400C878D5 /* External */,
				EB32BD1C15F887A400C878D5 /* Resources */,
				EB32BCC515F885EC00C878D5 /* Frameworks */,
				EB32BCC315F885EC00C878D5 /* Products */,
				B94A1800965845D3B4A40881 /* Pods.xcconfig */,
			);
			sourceTree = "<group>";
		};
		EB32BCC315F885EC00C878D5 /* Products */ = {
			isa = PBXGroup;
			children = (
				EB32BCC215F885EC00C878D5 /* ijoyplus.app */,
			);
			name = Products;
			sourceTree = "<group>";
		};
		EB32BCC515F885EC00C878D5 /* Frameworks */ = {
			isa = PBXGroup;
			children = (
				EB32BD3715F888BD00C878D5 /* QuartzCore.framework */,
				EB32BCC615F885EC00C878D5 /* UIKit.framework */,
				EB32BCC815F885EC00C878D5 /* Foundation.framework */,
				EB32BCCA15F885EC00C878D5 /* CoreGraphics.framework */,
				DDF63B43DF6849BC89060EC7 /* libPods.a */,
			);
			name = Frameworks;
			sourceTree = "<group>";
		};
		EB32BCCC15F885EC00C878D5 /* ijoyplus */ = {
			isa = PBXGroup;
			children = (
				EB32BCD515F885EC00C878D5 /* AppDelegate.h */,
				EB32BCD615F885EC00C878D5 /* AppDelegate.m */,
				EBAF939B1602C89600929013 /* BottomTabViewController.h */,
				EBAF939C1602C89600929013 /* BottomTabViewController.m */,
				EBAED39215FF2D1A00192AE4 /* login */,
				EBAF698415FD87FD00938FE3 /* popular */,
				EBAF698515FD880E00938FE3 /* friend */,
				EBAF69DC15FDC13D00938FE3 /* list */,
				EBAF69E315FDC3C100938FE3 /* my */,
				EBAFBC3115F9DDC0007579D1 /* common */,
				EB32BCF215F8873B00C878D5 /* component */,
				EB32BCCD15F885EC00C878D5 /* Supporting Files */,
			);
			path = ijoyplus;
			sourceTree = "<group>";
		};
		EB32BCCD15F885EC00C878D5 /* Supporting Files */ = {
			isa = PBXGroup;
			children = (
				EB32BD3D15F8948400C878D5 /* Localizable.strings */,
				EB32BCCE15F885EC00C878D5 /* ijoyplus-Info.plist */,
				EB32BCCF15F885EC00C878D5 /* InfoPlist.strings */,
				EB32BCD215F885EC00C878D5 /* main.m */,
				EB32BCD415F885EC00C878D5 /* ijoyplus-Prefix.pch */,
			);
			name = "Supporting Files";
			sourceTree = "<group>";
		};
		EB32BCF215F8873B00C878D5 /* component */ = {
			isa = PBXGroup;
			children = (
				EBAF6A4B15FDDFA300938FE3 /* CustomSearchBar.h */,
				EBAF6A4C15FDDFA300938FE3 /* CustomSearchBar.m */,
				EB32BCFB15F8873B00C878D5 /* LoadingMoreFooterView.h */,
				EB32BCFC15F8873B00C878D5 /* LoadingMoreFooterView.m */,
				EB32BCFD15F8873B00C878D5 /* WaterflowView.h */,
				EB32BCFE15F8873B00C878D5 /* WaterflowView.m */,
				EB02B841160094E30027F31C /* CustomSegmentedControl.h */,
				EB02B842160094E30027F31C /* CustomSegmentedControl.m */,
				EBB40F19160707FB00A49CD9 /* CustomBackButton.h */,
				EBB40F1A160707FB00A49CD9 /* CustomBackButton.m */,
				EBB40F451607102100A49CD9 /* CustomBackButtonHolder.h */,
				EBB40F461607102100A49CD9 /* CustomBackButtonHolder.m */,
			);
			path = component;
			sourceTree = "<group>";
		};
		EB32BD0515F887A400C878D5 /* External */ = {
			isa = PBXGroup;
			children = (
				EBAED35115FF07D000192AE4 /* JWFolders */,
				EBAF69CA15FDB78D00938FE3 /* MNMBottomPullToRefresh */,
			);
			path = External;
			sourceTree = "<group>";
		};
		EB32BD1C15F887A400C878D5 /* Resources */ = {
			isa = PBXGroup;
			children = (
				EB3F0A661601D0F7005D97F8 /* list_tab@2x.png */,
				EB3F0A671601D0F7005D97F8 /* my_tab@2x.png */,
				EB3F0A681601D0F7005D97F8 /* pop_tab@2x.png */,
				EB3F0A691601D0F7005D97F8 /* rec_tab@2x.png */,
				EB3F0A6A1601D0F7005D97F8 /* tab_selected_bg@2x.png */,
				EB3F0A491601C4F7005D97F8 /* segcontrol_sel-uns@2x.png */,
				EB3F0A4A1601C4F7005D97F8 /* segcontrol_sel@2x.png */,
				EB3F0A4B1601C4F7005D97F8 /* segcontrol_uns-sel@2x.png */,
				EB3F0A4C1601C4F7005D97F8 /* segcontrol_uns-uns@2x.png */,
				EB3F0A4D1601C4F7005D97F8 /* segcontrol_uns@2x.png */,
				EBB1B3D916017FBD00E04289 /* log_btn_active@2x.png */,
				EBB1B3DA16017FBD00E04289 /* log_btn_normal@2x.png */,
				EBB1B3DB16017FBD00E04289 /* reg_btn_active@2x.png */,
				EBB1B3DC16017FBD00E04289 /* reg_btn_normal@2x.png */,
				EBB1B3CB1601770D00E04289 /* tool_bar_bg@2X.png */,
				EBB1B3C81601749500E04289 /* nav_bar_bg_44@2x.png */,
				EB32BD2615F887CE00C878D5 /* temp */,
			);
			path = Resources;
			sourceTree = "<group>";
		};
		EB32BD2615F887CE00C878D5 /* temp */ = {
			isa = PBXGroup;
			children = (
				EBB40F1D16070AA700A49CD9 /* navigationBarBackButton.png */,
				EBB40F1E16070AA700A49CD9 /* navigationBarBackButton@2x.png */,
				EBAF69E915FDC97900938FE3 /* u0_normal.png */,
				EBAF69EA15FDC97900938FE3 /* u9_normal.png */,
				EBAFBBF515F9BB58007579D1 /* chat.png */,
				EBAFBBF615F9BB58007579D1 /* chat@2x.png */,
				EBAFBBF715F9BB58007579D1 /* compose-at.png */,
				EBAFBBF815F9BB58007579D1 /* compose-at@2x.png */,
				EBAFBBF915F9BB58007579D1 /* magnifying-glass.png */,
				EBAFBBFA15F9BB58007579D1 /* magnifying-glass@2x.png */,
				EBAFBBFB15F9BB58007579D1 /* messages.png */,
				EBAFBBFC15F9BB58007579D1 /* messages@2x.png */,
				EBAFBBFD15F9BB58007579D1 /* more.png */,
				EBAFBBFE15F9BB58007579D1 /* more@2x.png */,
				EBAFBBFF15F9BB58007579D1 /* TabBarGlow.png */,
				EBAFBC0015F9BB58007579D1 /* TabBarGlow@2x.png */,
				EBAFBC0115F9BB58007579D1 /* TabBarGradient.png */,
				EBAFBC0215F9BB58007579D1 /* TabBarGradient@2x.png */,
				EBAFBC0315F9BB58007579D1 /* TabBarItemSelectedBackground.png */,
				EBAFBC0415F9BB58007579D1 /* TabBarItemSelectedBackground@2x.png */,
				EBAFBC0515F9BB58007579D1 /* TabBarNipple.png */,
				EBAFBC0615F9BB58007579D1 /* TabBarNipple@2x.png */,
				EBAFBC0715F9BB58007579D1 /* TabBarSelection.png */,
				EBAFBC0815F9BB58007579D1 /* TabBarSelection@2x.png */,
			);
			path = temp;
			sourceTree = "<group>";
		};
		EBAED35115FF07D000192AE4 /* JWFolders */ = {
			isa = PBXGroup;
			children = (
				EBAED35215FF07D000192AE4 /* JWFolders.h */,
				EBAED35315FF07D000192AE4 /* JWFolders.m */,
				EBAED35415FF07D000192AE4 /* UIScreen+Scale.h */,
				EBAED35515FF07D000192AE4 /* UIScreen+Scale.m */,
				EBAED35615FF07D000192AE4 /* UIView+Screenshot.h */,
				EBAED35715FF07D000192AE4 /* UIView+Screenshot.m */,
			);
			path = JWFolders;
			sourceTree = "<group>";
		};
		EBAED39215FF2D1A00192AE4 /* login */ = {
			isa = PBXGroup;
			children = (
				EBAFBC3A15F9E506007579D1 /* LoginViewController.h */,
				EBAFBC3B15F9E506007579D1 /* LoginViewController.m */,
				EBAFBC3C15F9E506007579D1 /* LoginViewController.xib */,
				EBAED39315FF2D4800192AE4 /* RegisterViewController.h */,
				EBAED39415FF2D4800192AE4 /* RegisterViewController.m */,
				EBAED39515FF2D4800192AE4 /* RegisterViewController.xib */,
			);
			name = login;
			sourceTree = "<group>";
		};
		EBAF698415FD87FD00938FE3 /* popular */ = {
			isa = PBXGroup;
			children = (
				EBAF6AAC15FDE9F700938FE3 /* compoment */,
				EBB0C952160073BA00A9B8F8 /* PopularSegmentViewController.h */,
				EBB0C953160073BB00A9B8F8 /* PopularSegmentViewController.m */,
				EBB0C954160073BB00A9B8F8 /* PopularSegmentViewController.xib */,
				EBAFBC1D15F9BFFF007579D1 /* MovieViewController.h */,
				EBB1B3E9160188D400E04289 /* MovieViewController.m */,
				EBB1B3E41601876A00E04289 /* DramaViewController.h */,
				EBB1B3E51601876B00E04289 /* DramaViewController.m */,
				EBB1B3EA160188D400E04289 /* VideoViewController.h */,
				EBB1B3EB160188D400E04289 /* VideoViewController.m */,
				EBB1B3E7160188D400E04289 /* LocalViewController.h */,
				EBB1B3E8160188D400E04289 /* LocalViewController.m */,
				EBAF6A3F15FDDBB300938FE3 /* SearchFilmViewController.h */,
				EBAF6A4015FDDBB300938FE3 /* SearchFilmViewController.m */,
				EBAF6A4115FDDBB400938FE3 /* SearchFilmViewController.xib */,
				EBAF6AA715FDE9CE00938FE3 /* SearchFilmResultViewController.h */,
				EBAF6AA815FDE9CF00938FE3 /* SearchFilmResultViewController.m */,
				EBAF6AA915FDE9CF00938FE3 /* SearchFilmResultViewController.xib */,
				EBB0C9101600422F00A9B8F8 /* PlayRootViewController.h */,
				EBB0C9111600422F00A9B8F8 /* PlayRootViewController.m */,
				EBAED32315FED3D100192AE4 /* PlayViewController.h */,
				EBAED32415FED3D100192AE4 /* PlayViewController.m */,
				EBAED32515FED3D100192AE4 /* PlayViewController.xib */,
				EB090AFF16081E9D002F7E57 /* IntroductionView.h */,
				EB090B0016081E9E002F7E57 /* IntroductionView.m */,
			);
			name = popular;
			sourceTree = "<group>";
		};
		EBAF698515FD880E00938FE3 /* friend */ = {
			isa = PBXGroup;
			children = (
				EBAF698615FD896D00938FE3 /* FriendTabViewController.h */,
				EBAF698715FD896D00938FE3 /* FriendTabViewController.m */,
				EBAF698915FD8D8200938FE3 /* RecommandMovieViewController.h */,
				EBAF698C15FD8D9600938FE3 /* RecommandMovieViewController.m */,
				EBAF69D715FDB80900938FE3 /* FriendNewsViewController.h */,
				EBAF69D815FDB80900938FE3 /* FriendNewsViewController.m */,
				EBAF69D915FDB80A00938FE3 /* FriendNewsViewController.xib */,
				EBAED39815FF3D2600192AE4 /* FriendProfileViewController.h */,
				EBAED39915FF3D2700192AE4 /* FriendProfileViewController.m */,
				EBAED39A15FF3D2700192AE4 /* FriendProfileViewController.xib */,
			);
			name = friend;
			sourceTree = "<group>";
		};
		EBAF69CA15FDB78D00938FE3 /* MNMBottomPullToRefresh */ = {
			isa = PBXGroup;
			children = (
				EBAF69CC15FDB78D00938FE3 /* MNMBottomPullToRefreshArrow.png */,
				EBAF69CD15FDB78D00938FE3 /* MNMBottomPullToRefreshArrow@2x.png */,
				EBAF69CE15FDB78D00938FE3 /* MNMBottomPullToRefreshManager.h */,
				EBAF69CF15FDB78D00938FE3 /* MNMBottomPullToRefreshManager.m */,
				EBAF69D015FDB78D00938FE3 /* MNMBottomPullToRefreshView.h */,
				EBAF69D115FDB78D00938FE3 /* MNMBottomPullToRefreshView.m */,
			);
			path = MNMBottomPullToRefresh;
			sourceTree = "<group>";
		};
		EBAF69DC15FDC13D00938FE3 /* list */ = {
			isa = PBXGroup;
			children = (
				EBB1B3F2160190AE00E04289 /* component */,
				EBAF69DD15FDC22800938FE3 /* ListTabViewController.h */,
				EBAF69DE15FDC22800938FE3 /* ListTabViewController.m */,
				EBAF69DF15FDC22800938FE3 /* WatchedViewController.h */,
				EBAF69E015FDC22800938FE3 /* WatchedViewController.m */,
				EBB1B3EF160190A000E04289 /* CollectionViewController.h */,
				EBB1B3F0160190A000E04289 /* CollectionViewController.m */,
			);
			name = list;
			sourceTree = "<group>";
		};
		EBAF69E315FDC3C100938FE3 /* my */ = {
			isa = PBXGroup;
			children = (
				EBAF69ED15FDCA6F00938FE3 /* component */,
				EBAF69E415FDC4A700938FE3 /* MyselfViewController.h */,
				EBAF69E515FDC4A700938FE3 /* MyselfViewController.m */,
				EBAF69E615FDC4A700938FE3 /* MyselfViewController.xib */,
			);
			name = my;
			sourceTree = "<group>";
		};
		EBAF69ED15FDCA6F00938FE3 /* component */ = {
			isa = PBXGroup;
			children = (
				EBAF69EE15FDCAA100938FE3 /* MyProfileWithImageCell.h */,
				EBAF69EF15FDCAA100938FE3 /* MyProfileWithImageCell.m */,
			);
			name = component;
			sourceTree = "<group>";
		};
		EBAF6AAC15FDE9F700938FE3 /* compoment */ = {
			isa = PBXGroup;
			children = (
				EBAF6AAD15FDEA2900938FE3 /* PopularCellFactory.xib */,
				EBAF6AAF15FDEB1C00938FE3 /* SearchFilmCell.h */,
				EBAF6AB015FDEB1C00938FE3 /* SearchFilmCell.m */,
				EBAF6AB515FDF27300938FE3 /* SearchVideoCell.h */,
				EBAF6AB615FDF27300938FE3 /* SearchVideoCell.m */,
				EBAED32D15FED75700192AE4 /* PlayCell.h */,
				EBAED32E15FED75700192AE4 /* PlayCell.m */,
				EBAED33415FEDF1900192AE4 /* CommentCell.h */,
				EBAED33515FEDF1900192AE4 /* CommentCell.m */,
			);
			name = compoment;
			sourceTree = "<group>";
		};
		EBAFBC3115F9DDC0007579D1 /* common */ = {
			isa = PBXGroup;
			children = (
				EBB1B3CD1601775400E04289 /* utility */,
				EBAFBC3215F9DDC0007579D1 /* CMConstants.h */,
				EBAFBC3315F9DDC0007579D1 /* CMConstants.m */,
				EBAFBC4315F9E849007579D1 /* AnimationFactory.h */,
				EBAFBC4415F9E849007579D1 /* AnimationFactory.m */,
				EBB1B3E11601836600E04289 /* BaseViewController.h */,
				EBB1B3E21601836600E04289 /* BaseViewController.m */,
			);
			path = common;
			sourceTree = "<group>";
		};
		EBB1B3CD1601775400E04289 /* utility */ = {
			isa = PBXGroup;
			children = (
				EBB06FA516080DA900AAA818 /* DateUtility.h */,
				EBB06FA616080DA900AAA818 /* DateUtility.m */,
				EBB06FA716080DA900AAA818 /* StringUtility.h */,
				EBB06FA816080DA900AAA818 /* StringUtility.m */,
				EBB1B3CF1601777900E04289 /* UIUtility.h */,
				EBB1B3D01601777900E04289 /* UIUtility.m */,
			);
			name = utility;
			sourceTree = "<group>";
		};
		EBB1B3F2160190AE00E04289 /* component */ = {
			isa = PBXGroup;
			children = (
				EBB1B3F3160190C600E04289 /* TestView.h */,
				EBB1B3F4160190C600E04289 /* TestView.m */,
			);
			name = component;
			sourceTree = "<group>";
		};
/* End PBXGroup section */

/* Begin PBXNativeTarget section */
		EB32BCC115F885EC00C878D5 /* ijoyplus */ = {
			isa = PBXNativeTarget;
			buildConfigurationList = EB32BCE015F885EC00C878D5 /* Build configuration list for PBXNativeTarget "ijoyplus" */;
			buildPhases = (
				EB32BCBE15F885EC00C878D5 /* Sources */,
				EB32BCBF15F885EC00C878D5 /* Frameworks */,
				EB32BCC015F885EC00C878D5 /* Resources */,
				9DCC1A1C23BA42AC92C1C808 /* Copy Pods Resources */,
			);
			buildRules = (
			);
			dependencies = (
			);
			name = ijoyplus;
			productName = ijoyplus;
			productReference = EB32BCC215F885EC00C878D5 /* ijoyplus.app */;
			productType = "com.apple.product-type.application";
		};
/* End PBXNativeTarget section */

/* Begin PBXProject section */
		EB32BCB915F885EC00C878D5 /* Project object */ = {
			isa = PBXProject;
			attributes = {
				LastUpgradeCheck = 0440;
				ORGANIZATIONNAME = joyplus;
			};
			buildConfigurationList = EB32BCBC15F885EC00C878D5 /* Build configuration list for PBXProject "ijoyplus" */;
			compatibilityVersion = "Xcode 3.2";
			developmentRegion = English;
			hasScannedForEncodings = 0;
			knownRegions = (
				en,
			);
			mainGroup = EB32BCB715F885EC00C878D5;
			productRefGroup = EB32BCC315F885EC00C878D5 /* Products */;
			projectDirPath = "";
			projectRoot = "";
			targets = (
				EB32BCC115F885EC00C878D5 /* ijoyplus */,
			);
		};
/* End PBXProject section */

/* Begin PBXResourcesBuildPhase section */
		EB32BCC015F885EC00C878D5 /* Resources */ = {
			isa = PBXResourcesBuildPhase;
			buildActionMask = 2147483647;
			files = (
				EB32BCD115F885EC00C878D5 /* InfoPlist.strings in Resources */,
				EB32BD3F15F8948400C878D5 /* Localizable.strings in Resources */,
				EBAFBC0915F9BB58007579D1 /* chat.png in Resources */,
				EBAFBC0A15F9BB58007579D1 /* chat@2x.png in Resources */,
				EBAFBC0B15F9BB58007579D1 /* compose-at.png in Resources */,
				EBAFBC0C15F9BB58007579D1 /* compose-at@2x.png in Resources */,
				EBAFBC0D15F9BB58007579D1 /* magnifying-glass.png in Resources */,
				EBAFBC0E15F9BB58007579D1 /* magnifying-glass@2x.png in Resources */,
				EBAFBC0F15F9BB58007579D1 /* messages.png in Resources */,
				EBAFBC1015F9BB58007579D1 /* messages@2x.png in Resources */,
				EBAFBC1115F9BB58007579D1 /* more.png in Resources */,
				EBAFBC1215F9BB58007579D1 /* more@2x.png in Resources */,
				EBAFBC1315F9BB58007579D1 /* TabBarGlow.png in Resources */,
				EBAFBC1415F9BB58007579D1 /* TabBarGlow@2x.png in Resources */,
				EBAFBC1515F9BB58007579D1 /* TabBarGradient.png in Resources */,
				EBAFBC1615F9BB58007579D1 /* TabBarGradient@2x.png in Resources */,
				EBAFBC1715F9BB58007579D1 /* TabBarItemSelectedBackground.png in Resources */,
				EBAFBC1815F9BB58007579D1 /* TabBarItemSelectedBackground@2x.png in Resources */,
				EBAFBC1915F9BB59007579D1 /* TabBarNipple.png in Resources */,
				EBAFBC1A15F9BB59007579D1 /* TabBarNipple@2x.png in Resources */,
				EBAFBC1B15F9BB59007579D1 /* TabBarSelection.png in Resources */,
				EBAFBC1C15F9BB59007579D1 /* TabBarSelection@2x.png in Resources */,
				EBAFBC3E15F9E507007579D1 /* LoginViewController.xib in Resources */,
				EBAF69D315FDB78D00938FE3 /* MNMBottomPullToRefreshArrow.png in Resources */,
				EBAF69D415FDB78D00938FE3 /* MNMBottomPullToRefreshArrow@2x.png in Resources */,
				EBAF69DB15FDB80A00938FE3 /* FriendNewsViewController.xib in Resources */,
				EBAF69E815FDC4A700938FE3 /* MyselfViewController.xib in Resources */,
				EBAF69EB15FDC97900938FE3 /* u0_normal.png in Resources */,
				EBAF69EC15FDC97900938FE3 /* u9_normal.png in Resources */,
				EBAF6A4315FDDBB400938FE3 /* SearchFilmViewController.xib in Resources */,
				EBAF6AAB15FDE9CF00938FE3 /* SearchFilmResultViewController.xib in Resources */,
				EBAF6AAE15FDEA2900938FE3 /* PopularCellFactory.xib in Resources */,
				EBAED32715FED3D100192AE4 /* PlayViewController.xib in Resources */,
				EBAED39715FF2D4800192AE4 /* RegisterViewController.xib in Resources */,
				EBAED39C15FF3D2700192AE4 /* FriendProfileViewController.xib in Resources */,
				EBB0C956160073BC00A9B8F8 /* PopularSegmentViewController.xib in Resources */,
				EBB1B3C91601749500E04289 /* nav_bar_bg_44@2x.png in Resources */,
				EBB1B3CC1601770D00E04289 /* tool_bar_bg@2X.png in Resources */,
				EBB1B3DD16017FBD00E04289 /* log_btn_active@2x.png in Resources */,
				EBB1B3DE16017FBD00E04289 /* log_btn_normal@2x.png in Resources */,
				EBB1B3DF16017FBD00E04289 /* reg_btn_active@2x.png in Resources */,
				EBB1B3E016017FBD00E04289 /* reg_btn_normal@2x.png in Resources */,
				EB3F0A4E1601C4F7005D97F8 /* segcontrol_sel-uns@2x.png in Resources */,
				EB3F0A4F1601C4F7005D97F8 /* segcontrol_sel@2x.png in Resources */,
				EB3F0A501601C4F7005D97F8 /* segcontrol_uns-sel@2x.png in Resources */,
				EB3F0A511601C4F7005D97F8 /* segcontrol_uns-uns@2x.png in Resources */,
				EB3F0A521601C4F7005D97F8 /* segcontrol_uns@2x.png in Resources */,
				EB3F0A6B1601D0F8005D97F8 /* list_tab@2x.png in Resources */,
				EB3F0A6C1601D0F8005D97F8 /* my_tab@2x.png in Resources */,
				EB3F0A6D1601D0F8005D97F8 /* pop_tab@2x.png in Resources */,
				EB3F0A6E1601D0F8005D97F8 /* rec_tab@2x.png in Resources */,
				EB3F0A6F1601D0F8005D97F8 /* tab_selected_bg@2x.png in Resources */,
				EBB40F2016070AA700A49CD9 /* navigationBarBackButton.png in Resources */,
				EBB40F2116070AA700A49CD9 /* navigationBarBackButton@2x.png in Resources */,
			);
			runOnlyForDeploymentPostprocessing = 0;
		};
/* End PBXResourcesBuildPhase section */

/* Begin PBXShellScriptBuildPhase section */
		9DCC1A1C23BA42AC92C1C808 /* Copy Pods Resources */ = {
			isa = PBXShellScriptBuildPhase;
			buildActionMask = 2147483647;
			files = (
			);
			inputPaths = (
			);
			name = "Copy Pods Resources";
			outputPaths = (
			);
			runOnlyForDeploymentPostprocessing = 0;
			shellPath = /bin/sh;
			shellScript = "\"${SRCROOT}/Pods/Pods-resources.sh\"\n";
		};
/* End PBXShellScriptBuildPhase section */

/* Begin PBXSourcesBuildPhase section */
		EB32BCBE15F885EC00C878D5 /* Sources */ = {
			isa = PBXSourcesBuildPhase;
			buildActionMask = 2147483647;
			files = (
				EB32BCD315F885EC00C878D5 /* main.m in Sources */,
				EB32BCD715F885EC00C878D5 /* AppDelegate.m in Sources */,
				EB32BD0315F8873B00C878D5 /* LoadingMoreFooterView.m in Sources */,
				EB32BD0415F8873B00C878D5 /* WaterflowView.m in Sources */,
				EBAFBC3415F9DDC0007579D1 /* CMConstants.m in Sources */,
				EBAFBC3D15F9E507007579D1 /* LoginViewController.m in Sources */,
				EBAFBC4515F9E849007579D1 /* AnimationFactory.m in Sources */,
				EBAF698815FD896D00938FE3 /* FriendTabViewController.m in Sources */,
				EBAF698E15FD8D9600938FE3 /* RecommandMovieViewController.m in Sources */,
				EBAF69D515FDB78D00938FE3 /* MNMBottomPullToRefreshManager.m in Sources */,
				EBAF69D615FDB78D00938FE3 /* MNMBottomPullToRefreshView.m in Sources */,
				EBAF69DA15FDB80A00938FE3 /* FriendNewsViewController.m in Sources */,
				EBAF69E115FDC22800938FE3 /* ListTabViewController.m in Sources */,
				EBAF69E215FDC22800938FE3 /* WatchedViewController.m in Sources */,
				EBAF69E715FDC4A700938FE3 /* MyselfViewController.m in Sources */,
				EBAF69F015FDCAA100938FE3 /* MyProfileWithImageCell.m in Sources */,
				EBAF6A4215FDDBB400938FE3 /* SearchFilmViewController.m in Sources */,
				EBAF6A4D15FDDFA300938FE3 /* CustomSearchBar.m in Sources */,
				EBAF6AAA15FDE9CF00938FE3 /* SearchFilmResultViewController.m in Sources */,
				EBAF6AB115FDEB1C00938FE3 /* SearchFilmCell.m in Sources */,
				EBAF6AB715FDF27300938FE3 /* SearchVideoCell.m in Sources */,
				EBAED32615FED3D100192AE4 /* PlayViewController.m in Sources */,
				EBAED32F15FED75700192AE4 /* PlayCell.m in Sources */,
				EBAED33615FEDF1900192AE4 /* CommentCell.m in Sources */,
				EBAED35815FF07D000192AE4 /* JWFolders.m in Sources */,
				EBAED35915FF07D000192AE4 /* UIScreen+Scale.m in Sources */,
				EBAED35A15FF07D000192AE4 /* UIView+Screenshot.m in Sources */,
				EBAED39615FF2D4800192AE4 /* RegisterViewController.m in Sources */,
				EBAED39B15FF3D2700192AE4 /* FriendProfileViewController.m in Sources */,
				EBB0C9121600422F00A9B8F8 /* PlayRootViewController.m in Sources */,
				EBB0C955160073BC00A9B8F8 /* PopularSegmentViewController.m in Sources */,
				EB02B843160094E30027F31C /* CustomSegmentedControl.m in Sources */,
				EBB1B3D11601777900E04289 /* UIUtility.m in Sources */,
				EBB1B3E31601836600E04289 /* BaseViewController.m in Sources */,
				EBB1B3E61601876B00E04289 /* DramaViewController.m in Sources */,
				EBB1B3EC160188D400E04289 /* LocalViewController.m in Sources */,
				EBB1B3ED160188D400E04289 /* MovieViewController.m in Sources */,
				EBB1B3EE160188D400E04289 /* VideoViewController.m in Sources */,
				EBB1B3F1160190A000E04289 /* CollectionViewController.m in Sources */,
				EBB1B3F5160190C600E04289 /* TestView.m in Sources */,
				EBAF939E1602C89600929013 /* BottomTabViewController.m in Sources */,
				EBB40F1B160707FB00A49CD9 /* CustomBackButton.m in Sources */,
				EBB40F471607102200A49CD9 /* CustomBackButtonHolder.m in Sources */,
				EBB06FA916080DA900AAA818 /* DateUtility.m in Sources */,
				EBB06FAA16080DA900AAA818 /* StringUtility.m in Sources */,
				EB090B0116081E9E002F7E57 /* IntroductionView.m in Sources */,
			);
			runOnlyForDeploymentPostprocessing = 0;
		};
/* End PBXSourcesBuildPhase section */

/* Begin PBXVariantGroup section */
		EB32BCCF15F885EC00C878D5 /* InfoPlist.strings */ = {
			isa = PBXVariantGroup;
			children = (
				EB32BCD015F885EC00C878D5 /* en */,
			);
			name = InfoPlist.strings;
			sourceTree = "<group>";
		};
		EB32BD3D15F8948400C878D5 /* Localizable.strings */ = {
			isa = PBXVariantGroup;
			children = (
				EB32BD3E15F8948400C878D5 /* en */,
			);
			name = Localizable.strings;
			sourceTree = "<group>";
		};
/* End PBXVariantGroup section */

/* Begin XCBuildConfiguration section */
		EB32BCDE15F885EC00C878D5 /* Debug */ = {
			isa = XCBuildConfiguration;
			buildSettings = {
				ALWAYS_SEARCH_USER_PATHS = NO;
				ARCHS = "$(ARCHS_STANDARD_32_BIT)";
				CLANG_CXX_LANGUAGE_STANDARD = "gnu++0x";
				CLANG_ENABLE_OBJC_ARC = YES;
				CLANG_WARN__DUPLICATE_METHOD_MATCH = YES;
				"CODE_SIGN_IDENTITY[sdk=iphoneos*]" = "iPhone Developer";
				COPY_PHASE_STRIP = NO;
				GCC_C_LANGUAGE_STANDARD = gnu99;
				GCC_DYNAMIC_NO_PIC = NO;
				GCC_OPTIMIZATION_LEVEL = 0;
				GCC_PREPROCESSOR_DEFINITIONS = (
					"DEBUG=1",
					"$(inherited)",
				);
				GCC_SYMBOLS_PRIVATE_EXTERN = NO;
				GCC_VERSION = com.apple.compilers.llvm.clang.1_0;
				GCC_WARN_ABOUT_RETURN_TYPE = YES;
				GCC_WARN_UNINITIALIZED_AUTOS = YES;
				GCC_WARN_UNUSED_VARIABLE = YES;
				IPHONEOS_DEPLOYMENT_TARGET = 5.1;
				SDKROOT = iphoneos;
			};
			name = Debug;
		};
		EB32BCDF15F885EC00C878D5 /* Release */ = {
			isa = XCBuildConfiguration;
			buildSettings = {
				ALWAYS_SEARCH_USER_PATHS = NO;
				ARCHS = "$(ARCHS_STANDARD_32_BIT)";
				CLANG_CXX_LANGUAGE_STANDARD = "gnu++0x";
				CLANG_ENABLE_OBJC_ARC = YES;
				CLANG_WARN__DUPLICATE_METHOD_MATCH = YES;
				"CODE_SIGN_IDENTITY[sdk=iphoneos*]" = "iPhone Developer";
				COPY_PHASE_STRIP = YES;
				GCC_C_LANGUAGE_STANDARD = gnu99;
				GCC_VERSION = com.apple.compilers.llvm.clang.1_0;
				GCC_WARN_ABOUT_RETURN_TYPE = YES;
				GCC_WARN_UNINITIALIZED_AUTOS = YES;
				GCC_WARN_UNUSED_VARIABLE = YES;
				IPHONEOS_DEPLOYMENT_TARGET = 5.1;
				OTHER_CFLAGS = "-DNS_BLOCK_ASSERTIONS=1";
				SDKROOT = iphoneos;
				VALIDATE_PRODUCT = YES;
			};
			name = Release;
		};
		EB32BCE115F885EC00C878D5 /* Debug */ = {
			isa = XCBuildConfiguration;
			baseConfigurationReference = B94A1800965845D3B4A40881 /* Pods.xcconfig */;
			buildSettings = {
				GCC_PRECOMPILE_PREFIX_HEADER = YES;
				GCC_PREFIX_HEADER = "ijoyplus/ijoyplus-Prefix.pch";
				INFOPLIST_FILE = "ijoyplus/ijoyplus-Info.plist";
				PRODUCT_NAME = "$(TARGET_NAME)";
				WRAPPER_EXTENSION = app;
			};
			name = Debug;
		};
		EB32BCE215F885EC00C878D5 /* Release */ = {
			isa = XCBuildConfiguration;
			baseConfigurationReference = B94A1800965845D3B4A40881 /* Pods.xcconfig */;
			buildSettings = {
				GCC_PRECOMPILE_PREFIX_HEADER = YES;
				GCC_PREFIX_HEADER = "ijoyplus/ijoyplus-Prefix.pch";
				INFOPLIST_FILE = "ijoyplus/ijoyplus-Info.plist";
				PRODUCT_NAME = "$(TARGET_NAME)";
				WRAPPER_EXTENSION = app;
			};
			name = Release;
		};
/* End XCBuildConfiguration section */

/* Begin XCConfigurationList section */
		EB32BCBC15F885EC00C878D5 /* Build configuration list for PBXProject "ijoyplus" */ = {
			isa = XCConfigurationList;
			buildConfigurations = (
				EB32BCDE15F885EC00C878D5 /* Debug */,
				EB32BCDF15F885EC00C878D5 /* Release */,
			);
			defaultConfigurationIsVisible = 0;
			defaultConfigurationName = Release;
		};
		EB32BCE015F885EC00C878D5 /* Build configuration list for PBXNativeTarget "ijoyplus" */ = {
			isa = XCConfigurationList;
			buildConfigurations = (
				EB32BCE115F885EC00C878D5 /* Debug */,
				EB32BCE215F885EC00C878D5 /* Release */,
			);
			defaultConfigurationIsVisible = 0;
			defaultConfigurationName = Release;
		};
/* End XCConfigurationList section */
	};
	rootObject = EB32BCB915F885EC00C878D5 /* Project object */;
}
